
Microsoft Visual Studio Solution File, Format Version 12.00
# Visual Studio 15
VisualStudioVersion = 15.0.28307.438
MinimumVisualStudioVersion = 10.0.40219.1
Project("{FAE04EC0-301F-11D3-BF4B-00C04F79EFBC}") = "Algorithms", "Algorithms\Algorithms.csproj", "{C7923FD2-1504-4B81-90D1-1D023969D32F}"
EndProject
Project("{FAE04EC0-301F-11D3-BF4B-00C04F79EFBC}") = "DailyCodingProblem", "DailyCodingProblem\DailyCodingProblem.csproj", "{C6D4DCAE-31CA-42F4-86FF-3C16ECB009EC}"
EndProject
Global
	GlobalSection(SolutionConfigurationPlatforms) = preSolution
		Debug|Any CPU = Debug|Any CPU
		Release|Any CPU = Release|Any CPU
	EndGlobalSection
	GlobalSection(ProjectConfigurationPlatforms) = postSolution
		{C7923FD2-1504-4B81-90D1-1D023969D32F}.Debug|Any CPU.ActiveCfg = Debug|Any CPU
		{C7923FD2-1504-4B81-90D1-1D023969D32F}.Debug|Any CPU.Build.0 = Debug|Any CPU
		{C7923FD2-1504-4B81-90D1-1D023969D32F}.Release|Any CPU.ActiveCfg = Release|Any CPU
		{C7923FD2-1504-4B81-90D1-1D023969D32F}.Release|Any CPU.Build.0 = Release|Any CPU
		{C6D4DCAE-31CA-42F4-86FF-3C16ECB009EC}.Debug|Any CPU.ActiveCfg = Debug|Any CPU
		{C6D4DCAE-31CA-42F4-86FF-3C16ECB009EC}.Debug|Any CPU.Build.0 = Debug|Any CPU
		{C6D4DCAE-31CA-42F4-86FF-3C16ECB009EC}.Release|Any CPU.ActiveCfg = Release|Any CPU
		{C6D4DCAE-31CA-42F4-86FF-3C16ECB009EC}.Release|Any CPU.Build.0 = Release|Any CPU
	EndGlobalSection
	GlobalSection(SolutionProperties) = preSolution
		HideSolutionNode = FALSE
	EndGlobalSection
	GlobalSection(ExtensibilityGlobals) = postSolution
		SolutionGuid = {3892389F-AAFB-4A8A-AE95-64CDC4FB3E3E}
	EndGlobalSection
EndGlobal
